
Microsoft Visual Studio Solution File, Format Version 12.00
# Visual Studio Version 17
VisualStudioVersion = 17.5.33414.496
MinimumVisualStudioVersion = 10.0.40219.1
Project("{FAE04EC0-301F-11D3-BF4B-00C04F79EFBC}") = "AniUA", "AniUA\AniUA.csproj", "{FCDB3066-DACC-4793-A1B3-3A76E0F79040}"
EndProject
Global
	GlobalSection(SolutionConfigurationPlatforms) = preSolution
		Debug|Any CPU = Debug|Any CPU
		Release|Any CPU = Release|Any CPU
	EndGlobalSection
	GlobalSection(ProjectConfigurationPlatforms) = postSolution
		{FCDB3066-DACC-4793-A1B3-3A76E0F79040}.Debug|Any CPU.ActiveCfg = Debug|Any CPU
		{FCDB3066-DACC-4793-A1B3-3A76E0F79040}.Debug|Any CPU.Build.0 = Debug|Any CPU
		{FCDB3066-DACC-4793-A1B3-3A76E0F79040}.Release|Any CPU.ActiveCfg = Release|Any CPU
		{FCDB3066-DACC-4793-A1B3-3A76E0F79040}.Release|Any CPU.Build.0 = Release|Any CPU
	EndGlobalSection
	GlobalSection(SolutionProperties) = preSolution
		HideSolutionNode = FALSE
	EndGlobalSection
	GlobalSection(ExtensibilityGlobals) = postSolution
		SolutionGuid = {B56A6BAB-D9AA-4F58-A773-6E715C816BFA}
	EndGlobalSection
EndGlobal
